
Microsoft Visual Studio Solution File, Format Version 12.00
# Visual Studio Version 17
VisualStudioVersion = 17.9.34607.119
MinimumVisualStudioVersion = 10.0.40219.1
Project("{8BC9CEB8-8B4A-11D0-8D11-00A0C91BC942}") = "Usurper", "Usurper\Usurper.vcxproj", "{53420F60-8A56-42A5-8F95-6A88716C12D3}"
EndProject
Global
	GlobalSection(SolutionConfigurationPlatforms) = preSolution
		Debug|x64 = Debug|x64
		Debug|x86 = Debug|x86
		Release|x64 = Release|x64
		Release|x86 = Release|x86
	EndGlobalSection
	GlobalSection(ProjectConfigurationPlatforms) = postSolution
		{53420F60-8A56-42A5-8F95-6A88716C12D3}.Debug|x64.ActiveCfg = Debug|x64
		{53420F60-8A56-42A5-8F95-6A88716C12D3}.Debug|x64.Build.0 = Debug|x64
		{53420F60-8A56-42A5-8F95-6A88716C12D3}.Debug|x86.ActiveCfg = Debug|Win32
		{53420F60-8A56-42A5-8F95-6A88716C12D3}.Debug|x86.Build.0 = Debug|Win32
		{53420F60-8A56-42A5-8F95-6A88716C12D3}.Release|x64.ActiveCfg = Release|x64
		{53420F60-8A56-42A5-8F95-6A88716C12D3}.Release|x64.Build.0 = Release|x64
		{53420F60-8A56-42A5-8F95-6A88716C12D3}.Release|x86.ActiveCfg = Release|Win32
		{53420F60-8A56-42A5-8F95-6A88716C12D3}.Release|x86.Build.0 = Release|Win32
	EndGlobalSection
	GlobalSection(SolutionProperties) = preSolution
		HideSolutionNode = FALSE
	EndGlobalSection
	GlobalSection(ExtensibilityGlobals) = postSolution
		SolutionGuid = {105B4ADD-84E4-45EF-AAD4-DD218805E2ED}
	EndGlobalSection
EndGlobal
